
Microsoft Visual Studio Solution File, Format Version 12.00
# Visual Studio 15
VisualStudioVersion = 15.0.26403.3
MinimumVisualStudioVersion = 10.0.40219.1
Project("{2150E333-8FDC-42A3-9474-1A3956D46DE8}") = "Src", "Src", "{1571CA50-4B2C-4FAE-A591-4ADB1853904B}"
EndProject
Project("{2150E333-8FDC-42A3-9474-1A3956D46DE8}") = "Test", "Test", "{BF044502-8078-46D0-BECB-8E11AF92D1A9}"
EndProject
Project("{2150E333-8FDC-42A3-9474-1A3956D46DE8}") = "Legacy", "Legacy", "{F90481D1-776B-4DC7-A4AF-802978F95456}"
EndProject
Project("{FAE04EC0-301F-11D3-BF4B-00C04F79EFBC}") = "Nameless.Common", "src\Nameless.Common\Nameless.Common.csproj", "{59CF0C6C-5AC7-4265-B428-782507455B6A}"
EndProject
Project("{FAE04EC0-301F-11D3-BF4B-00C04F79EFBC}") = "Nameless.Framework", "src\Nameless.Framework\Nameless.Framework.csproj", "{1C360011-41F9-4E05-8C30-EC5316F4E123}"
EndProject
Project("{FAE04EC0-301F-11D3-BF4B-00C04F79EFBC}") = "Nameless.Framework.Search", "legacy\Nameless.Framework.Search\Nameless.Framework.Search.csproj", "{59EF4C78-B941-4CF6-B61E-FF9AB1F9C51D}"
EndProject
Project("{FAE04EC0-301F-11D3-BF4B-00C04F79EFBC}") = "Nameless.Framework.Search.Impl", "legacy\Nameless.Framework.Search.Impl\Nameless.Framework.Search.Impl.csproj", "{81060B16-98C5-46C8-BEBE-DEBF8E00038F}"
EndProject
Project("{FAE04EC0-301F-11D3-BF4B-00C04F79EFBC}") = "Nameless.Framework.Search.Server", "legacy\Nameless.Framework.Search.Server\Nameless.Framework.Search.Server.csproj", "{275A48E2-99CB-46F8-BFA2-76DC2F8AE3E8}"
EndProject
Project("{FAE04EC0-301F-11D3-BF4B-00C04F79EFBC}") = "Nameless.WebApplication", "src\Nameless.WebApplication\Nameless.WebApplication.csproj", "{353ABBFB-6150-4FB4-8115-6EF9D10466EF}"
EndProject
Project("{FAE04EC0-301F-11D3-BF4B-00C04F79EFBC}") = "Nameless.Common.UnitTest", "test\Nameless.Common.UnitTest\Nameless.Common.UnitTest.csproj", "{E8470E18-55BA-49E9-8DE1-2DB4DD26454A}"
EndProject
Project("{FAE04EC0-301F-11D3-BF4B-00C04F79EFBC}") = "Nameless.Framework.Impl.UnitTest", "test\Nameless.Framework.Impl.UnitTest\Nameless.Framework.Impl.UnitTest.csproj", "{CB966BBA-5D3A-43D2-AD6A-74B90899ACFC}"
EndProject
Project("{2150E333-8FDC-42A3-9474-1A3956D46DE8}") = "Impl", "Impl", "{A218ED13-2D01-4D56-8E0E-1CBAE09588BD}"
EndProject
Project("{FAE04EC0-301F-11D3-BF4B-00C04F79EFBC}") = "Nameless.Framework.Data.Ado", "impl\Nameless.Framework.Data.Ado\Nameless.Framework.Data.Ado.csproj", "{5A3939AF-D5C0-47C8-B029-284DD9C59BEB}"
EndProject
Project("{FAE04EC0-301F-11D3-BF4B-00C04F79EFBC}") = "Nameless.Framework.Localization", "impl\Nameless.Framework.Localization\Nameless.Framework.Localization.csproj", "{0448A2FD-4F0C-4E14-B777-A06559D9C722}"
EndProject
Project("{FAE04EC0-301F-11D3-BF4B-00C04F79EFBC}") = "Nameless.Framework.Basis.Pipeline", "impl\Nameless.Framework.Basis.Pipeline\Nameless.Framework.Basis.Pipeline.csproj", "{F6CA3042-3B6A-4CCB-A7E6-4024820E460D}"
EndProject
Project("{FAE04EC0-301F-11D3-BF4B-00C04F79EFBC}") = "Nameless.Framework.Basis.Specifications", "impl\Nameless.Framework.Basis.Specifications\Nameless.Framework.Basis.Specifications.csproj", "{4BD716ED-8A9B-4C7F-8581-F9B668ABFBA8}"
EndProject
Project("{FAE04EC0-301F-11D3-BF4B-00C04F79EFBC}") = "Nameless.Framework.CQRS", "impl\Nameless.Framework.Cqrs\Nameless.Framework.CQRS.csproj", "{BD0A5C9C-1EAC-4E15-BE3A-424C5DB14E52}"
EndProject
Project("{FAE04EC0-301F-11D3-BF4B-00C04F79EFBC}") = "Nameless.Framework.Data.Generic.Mongo", "impl\Nameless.Framework.Data.Generic.Mongo\Nameless.Framework.Data.Generic.Mongo.csproj", "{5A975379-6E48-4CE6-8AB1-13FB00DFE0E1}"
EndProject
Project("{FAE04EC0-301F-11D3-BF4B-00C04F79EFBC}") = "Nameless.Framework.Data.Generic.EntityFramework", "impl\Nameless.Framework.Data.Generic.EntityFramework\Nameless.Framework.Data.Generic.EntityFramework.csproj", "{391A5CA7-21BB-4DD5-877D-9F3485D71E0D}"
EndProject
Project("{FAE04EC0-301F-11D3-BF4B-00C04F79EFBC}") = "Nameless.Framework.ErrorHandling", "impl\Nameless.Framework.ErrorHandling\Nameless.Framework.ErrorHandling.csproj", "{463E8EC0-A2F1-43FA-AAA2-BC038FC8602D}"
EndProject
Project("{FAE04EC0-301F-11D3-BF4B-00C04F79EFBC}") = "Nameless.Framework.EventSourcing", "impl\Nameless.Framework.EventSourcing\Nameless.Framework.EventSourcing.csproj", "{C11893BB-D6BB-4089-85EC-2C1D8BE1DC64}"
EndProject
Project("{FAE04EC0-301F-11D3-BF4B-00C04F79EFBC}") = "Nameless.Framework.Common", "impl\Nameless.Framework.Common\Nameless.Framework.Common.csproj", "{751192E8-F558-44AE-8303-AB04C15E3BEA}"
EndProject
Project("{FAE04EC0-301F-11D3-BF4B-00C04F79EFBC}") = "Nameless.Framework.IO", "impl\Nameless.Framework.IO\Nameless.Framework.IO.csproj", "{9BC0623B-8C63-4721-9964-0250ADA3A0FB}"
EndProject
Project("{FAE04EC0-301F-11D3-BF4B-00C04F79EFBC}") = "Nameless.Framework.Logging", "impl\Nameless.Framework.Logging\Nameless.Framework.Logging.csproj", "{DB5C3505-643A-4522-9E1A-FF6FC0312442}"
EndProject
Project("{FAE04EC0-301F-11D3-BF4B-00C04F79EFBC}") = "Nameless.Framework.Network.Email", "impl\Nameless.Framework.Network.Email\Nameless.Framework.Network.Email.csproj", "{9EF35D9D-B408-4019-865B-D55C246603FF}"
EndProject
Project("{FAE04EC0-301F-11D3-BF4B-00C04F79EFBC}") = "Nameless.Framework.Network.PubSub", "impl\Nameless.Framework.Network.PubSub\Nameless.Framework.Network.PubSub.csproj", "{8C179674-B940-43E0-9C58-E7F1DA9EB9F5}"
EndProject
Project("{FAE04EC0-301F-11D3-BF4B-00C04F79EFBC}") = "Nameless.Framework.ObjectMapper", "impl\Nameless.Framework.ObjectMapper\Nameless.Framework.ObjectMapper.csproj", "{3ABE5087-1ECB-48D6-8907-D77919B487A4}"
EndProject
Project("{FAE04EC0-301F-11D3-BF4B-00C04F79EFBC}") = "Nameless.Framework.Security", "impl\Nameless.Framework.Security\Nameless.Framework.Security.csproj", "{25B2EB65-6FCC-4456-8B6C-CBE0AB8B25FF}"
EndProject
Project("{FAE04EC0-301F-11D3-BF4B-00C04F79EFBC}") = "Nameless.Framework.Services", "impl\Nameless.Framework.Services\Nameless.Framework.Services.csproj", "{718A0FF8-5E39-49F7-A614-D7CFCA7C8390}"
EndProject
Project("{FAE04EC0-301F-11D3-BF4B-00C04F79EFBC}") = "Nameless.Framework.Text", "impl\Nameless.Framework.Text\Nameless.Framework.Text.csproj", "{47010F86-B2D8-4E55-BE57-89E6D6F42EFD}"
EndProject
Project("{FAE04EC0-301F-11D3-BF4B-00C04F79EFBC}") = "Nameless.Framework.IoC", "impl\Nameless.Framework.IoC\Nameless.Framework.IoC.csproj", "{E077CD44-B480-4205-B2F1-82A1A628D1F4}"
EndProject
Project("{FAE04EC0-301F-11D3-BF4B-00C04F79EFBC}") = "Nameless.Common", "legacy\Nameless.Common\Nameless.Common.csproj", "{A5003ED5-E046-4CB6-BA4A-C1794F7FE738}"
EndProject
Project("{FAE04EC0-301F-11D3-BF4B-00C04F79EFBC}") = "Nameless.Framework.Drawing", "impl\Nameless.Framework.Drawing\Nameless.Framework.Drawing.csproj", "{ED07E51C-3AF9-420A-992D-352D7776D14D}"
EndProject
Project("{FAE04EC0-301F-11D3-BF4B-00C04F79EFBC}") = "Nameless.WebApplication.Core", "src\Nameless.WebApplication.Core\Nameless.WebApplication.Core.csproj", "{9B09DF74-33CC-497B-9AF5-C4C87536147B}"
EndProject
Project("{00D1A9C2-B5F0-4AF3-8072-F6C62B433612}") = "Nameless.WebApplication.Database", "src\Nameless.WebApplication.Database\Nameless.WebApplication.Database.sqlproj", "{7C770C75-9B16-4BEC-9F38-FBFD5D337160}"
EndProject
Project("{FAE04EC0-301F-11D3-BF4B-00C04F79EFBC}") = "Nameless.Framework.Caching", "impl\Nameless.Framework.Caching\Nameless.Framework.Caching.csproj", "{4CE73E76-E225-4219-9EE0-7B364189417F}"
EndProject
Global
	GlobalSection(SolutionConfigurationPlatforms) = preSolution
		Debug|Any CPU = Debug|Any CPU
		Release|Any CPU = Release|Any CPU
	EndGlobalSection
	GlobalSection(ProjectConfigurationPlatforms) = postSolution
		{59CF0C6C-5AC7-4265-B428-782507455B6A}.Debug|Any CPU.ActiveCfg = Debug|Any CPU
		{59CF0C6C-5AC7-4265-B428-782507455B6A}.Debug|Any CPU.Build.0 = Debug|Any CPU
		{59CF0C6C-5AC7-4265-B428-782507455B6A}.Release|Any CPU.ActiveCfg = Release|Any CPU
		{59CF0C6C-5AC7-4265-B428-782507455B6A}.Release|Any CPU.Build.0 = Release|Any CPU
		{1C360011-41F9-4E05-8C30-EC5316F4E123}.Debug|Any CPU.ActiveCfg = Debug|Any CPU
		{1C360011-41F9-4E05-8C30-EC5316F4E123}.Debug|Any CPU.Build.0 = Debug|Any CPU
		{1C360011-41F9-4E05-8C30-EC5316F4E123}.Release|Any CPU.ActiveCfg = Release|Any CPU
		{1C360011-41F9-4E05-8C30-EC5316F4E123}.Release|Any CPU.Build.0 = Release|Any CPU
		{59EF4C78-B941-4CF6-B61E-FF9AB1F9C51D}.Debug|Any CPU.ActiveCfg = Debug|Any CPU
		{59EF4C78-B941-4CF6-B61E-FF9AB1F9C51D}.Debug|Any CPU.Build.0 = Debug|Any CPU
		{59EF4C78-B941-4CF6-B61E-FF9AB1F9C51D}.Release|Any CPU.ActiveCfg = Release|Any CPU
		{59EF4C78-B941-4CF6-B61E-FF9AB1F9C51D}.Release|Any CPU.Build.0 = Release|Any CPU
		{81060B16-98C5-46C8-BEBE-DEBF8E00038F}.Debug|Any CPU.ActiveCfg = Debug|Any CPU
		{81060B16-98C5-46C8-BEBE-DEBF8E00038F}.Debug|Any CPU.Build.0 = Debug|Any CPU
		{81060B16-98C5-46C8-BEBE-DEBF8E00038F}.Release|Any CPU.ActiveCfg = Release|Any CPU
		{81060B16-98C5-46C8-BEBE-DEBF8E00038F}.Release|Any CPU.Build.0 = Release|Any CPU
		{275A48E2-99CB-46F8-BFA2-76DC2F8AE3E8}.Debug|Any CPU.ActiveCfg = Debug|Any CPU
		{275A48E2-99CB-46F8-BFA2-76DC2F8AE3E8}.Debug|Any CPU.Build.0 = Debug|Any CPU
		{275A48E2-99CB-46F8-BFA2-76DC2F8AE3E8}.Release|Any CPU.ActiveCfg = Release|Any CPU
		{275A48E2-99CB-46F8-BFA2-76DC2F8AE3E8}.Release|Any CPU.Build.0 = Release|Any CPU
		{353ABBFB-6150-4FB4-8115-6EF9D10466EF}.Debug|Any CPU.ActiveCfg = Debug|Any CPU
		{353ABBFB-6150-4FB4-8115-6EF9D10466EF}.Debug|Any CPU.Build.0 = Debug|Any CPU
		{353ABBFB-6150-4FB4-8115-6EF9D10466EF}.Release|Any CPU.ActiveCfg = Release|Any CPU
		{353ABBFB-6150-4FB4-8115-6EF9D10466EF}.Release|Any CPU.Build.0 = Release|Any CPU
		{E8470E18-55BA-49E9-8DE1-2DB4DD26454A}.Debug|Any CPU.ActiveCfg = Debug|Any CPU
		{E8470E18-55BA-49E9-8DE1-2DB4DD26454A}.Debug|Any CPU.Build.0 = Debug|Any CPU
		{E8470E18-55BA-49E9-8DE1-2DB4DD26454A}.Release|Any CPU.ActiveCfg = Release|Any CPU
		{E8470E18-55BA-49E9-8DE1-2DB4DD26454A}.Release|Any CPU.Build.0 = Release|Any CPU
		{CB966BBA-5D3A-43D2-AD6A-74B90899ACFC}.Debug|Any CPU.ActiveCfg = Debug|Any CPU
		{CB966BBA-5D3A-43D2-AD6A-74B90899ACFC}.Debug|Any CPU.Build.0 = Debug|Any CPU
		{CB966BBA-5D3A-43D2-AD6A-74B90899ACFC}.Release|Any CPU.ActiveCfg = Release|Any CPU
		{CB966BBA-5D3A-43D2-AD6A-74B90899ACFC}.Release|Any CPU.Build.0 = Release|Any CPU
		{5A3939AF-D5C0-47C8-B029-284DD9C59BEB}.Debug|Any CPU.ActiveCfg = Debug|Any CPU
		{5A3939AF-D5C0-47C8-B029-284DD9C59BEB}.Debug|Any CPU.Build.0 = Debug|Any CPU
		{5A3939AF-D5C0-47C8-B029-284DD9C59BEB}.Release|Any CPU.ActiveCfg = Release|Any CPU
		{5A3939AF-D5C0-47C8-B029-284DD9C59BEB}.Release|Any CPU.Build.0 = Release|Any CPU
		{0448A2FD-4F0C-4E14-B777-A06559D9C722}.Debug|Any CPU.ActiveCfg = Debug|Any CPU
		{0448A2FD-4F0C-4E14-B777-A06559D9C722}.Debug|Any CPU.Build.0 = Debug|Any CPU
		{0448A2FD-4F0C-4E14-B777-A06559D9C722}.Release|Any CPU.ActiveCfg = Release|Any CPU
		{0448A2FD-4F0C-4E14-B777-A06559D9C722}.Release|Any CPU.Build.0 = Release|Any CPU
		{F6CA3042-3B6A-4CCB-A7E6-4024820E460D}.Debug|Any CPU.ActiveCfg = Debug|Any CPU
		{F6CA3042-3B6A-4CCB-A7E6-4024820E460D}.Debug|Any CPU.Build.0 = Debug|Any CPU
		{F6CA3042-3B6A-4CCB-A7E6-4024820E460D}.Release|Any CPU.ActiveCfg = Release|Any CPU
		{F6CA3042-3B6A-4CCB-A7E6-4024820E460D}.Release|Any CPU.Build.0 = Release|Any CPU
		{4BD716ED-8A9B-4C7F-8581-F9B668ABFBA8}.Debug|Any CPU.ActiveCfg = Debug|Any CPU
		{4BD716ED-8A9B-4C7F-8581-F9B668ABFBA8}.Debug|Any CPU.Build.0 = Debug|Any CPU
		{4BD716ED-8A9B-4C7F-8581-F9B668ABFBA8}.Release|Any CPU.ActiveCfg = Release|Any CPU
		{4BD716ED-8A9B-4C7F-8581-F9B668ABFBA8}.Release|Any CPU.Build.0 = Release|Any CPU
		{BD0A5C9C-1EAC-4E15-BE3A-424C5DB14E52}.Debug|Any CPU.ActiveCfg = Debug|Any CPU
		{BD0A5C9C-1EAC-4E15-BE3A-424C5DB14E52}.Debug|Any CPU.Build.0 = Debug|Any CPU
		{BD0A5C9C-1EAC-4E15-BE3A-424C5DB14E52}.Release|Any CPU.ActiveCfg = Release|Any CPU
		{BD0A5C9C-1EAC-4E15-BE3A-424C5DB14E52}.Release|Any CPU.Build.0 = Release|Any CPU
		{5A975379-6E48-4CE6-8AB1-13FB00DFE0E1}.Debug|Any CPU.ActiveCfg = Debug|Any CPU
		{5A975379-6E48-4CE6-8AB1-13FB00DFE0E1}.Debug|Any CPU.Build.0 = Debug|Any CPU
		{5A975379-6E48-4CE6-8AB1-13FB00DFE0E1}.Release|Any CPU.ActiveCfg = Release|Any CPU
		{5A975379-6E48-4CE6-8AB1-13FB00DFE0E1}.Release|Any CPU.Build.0 = Release|Any CPU
		{391A5CA7-21BB-4DD5-877D-9F3485D71E0D}.Debug|Any CPU.ActiveCfg = Debug|Any CPU
		{391A5CA7-21BB-4DD5-877D-9F3485D71E0D}.Debug|Any CPU.Build.0 = Debug|Any CPU
		{391A5CA7-21BB-4DD5-877D-9F3485D71E0D}.Release|Any CPU.ActiveCfg = Release|Any CPU
		{391A5CA7-21BB-4DD5-877D-9F3485D71E0D}.Release|Any CPU.Build.0 = Release|Any CPU
		{463E8EC0-A2F1-43FA-AAA2-BC038FC8602D}.Debug|Any CPU.ActiveCfg = Debug|Any CPU
		{463E8EC0-A2F1-43FA-AAA2-BC038FC8602D}.Debug|Any CPU.Build.0 = Debug|Any CPU
		{463E8EC0-A2F1-43FA-AAA2-BC038FC8602D}.Release|Any CPU.ActiveCfg = Release|Any CPU
		{463E8EC0-A2F1-43FA-AAA2-BC038FC8602D}.Release|Any CPU.Build.0 = Release|Any CPU
		{C11893BB-D6BB-4089-85EC-2C1D8BE1DC64}.Debug|Any CPU.ActiveCfg = Debug|Any CPU
		{C11893BB-D6BB-4089-85EC-2C1D8BE1DC64}.Debug|Any CPU.Build.0 = Debug|Any CPU
		{C11893BB-D6BB-4089-85EC-2C1D8BE1DC64}.Release|Any CPU.ActiveCfg = Release|Any CPU
		{C11893BB-D6BB-4089-85EC-2C1D8BE1DC64}.Release|Any CPU.Build.0 = Release|Any CPU
		{751192E8-F558-44AE-8303-AB04C15E3BEA}.Debug|Any CPU.ActiveCfg = Debug|Any CPU
		{751192E8-F558-44AE-8303-AB04C15E3BEA}.Debug|Any CPU.Build.0 = Debug|Any CPU
		{751192E8-F558-44AE-8303-AB04C15E3BEA}.Release|Any CPU.ActiveCfg = Release|Any CPU
		{751192E8-F558-44AE-8303-AB04C15E3BEA}.Release|Any CPU.Build.0 = Release|Any CPU
		{9BC0623B-8C63-4721-9964-0250ADA3A0FB}.Debug|Any CPU.ActiveCfg = Debug|Any CPU
		{9BC0623B-8C63-4721-9964-0250ADA3A0FB}.Debug|Any CPU.Build.0 = Debug|Any CPU
		{9BC0623B-8C63-4721-9964-0250ADA3A0FB}.Release|Any CPU.ActiveCfg = Release|Any CPU
		{9BC0623B-8C63-4721-9964-0250ADA3A0FB}.Release|Any CPU.Build.0 = Release|Any CPU
		{DB5C3505-643A-4522-9E1A-FF6FC0312442}.Debug|Any CPU.ActiveCfg = Debug|Any CPU
		{DB5C3505-643A-4522-9E1A-FF6FC0312442}.Debug|Any CPU.Build.0 = Debug|Any CPU
		{DB5C3505-643A-4522-9E1A-FF6FC0312442}.Release|Any CPU.ActiveCfg = Release|Any CPU
		{DB5C3505-643A-4522-9E1A-FF6FC0312442}.Release|Any CPU.Build.0 = Release|Any CPU
		{9EF35D9D-B408-4019-865B-D55C246603FF}.Debug|Any CPU.ActiveCfg = Debug|Any CPU
		{9EF35D9D-B408-4019-865B-D55C246603FF}.Debug|Any CPU.Build.0 = Debug|Any CPU
		{9EF35D9D-B408-4019-865B-D55C246603FF}.Release|Any CPU.ActiveCfg = Release|Any CPU
		{9EF35D9D-B408-4019-865B-D55C246603FF}.Release|Any CPU.Build.0 = Release|Any CPU
		{8C179674-B940-43E0-9C58-E7F1DA9EB9F5}.Debug|Any CPU.ActiveCfg = Debug|Any CPU
		{8C179674-B940-43E0-9C58-E7F1DA9EB9F5}.Debug|Any CPU.Build.0 = Debug|Any CPU
		{8C179674-B940-43E0-9C58-E7F1DA9EB9F5}.Release|Any CPU.ActiveCfg = Release|Any CPU
		{8C179674-B940-43E0-9C58-E7F1DA9EB9F5}.Release|Any CPU.Build.0 = Release|Any CPU
		{3ABE5087-1ECB-48D6-8907-D77919B487A4}.Debug|Any CPU.ActiveCfg = Debug|Any CPU
		{3ABE5087-1ECB-48D6-8907-D77919B487A4}.Debug|Any CPU.Build.0 = Debug|Any CPU
		{3ABE5087-1ECB-48D6-8907-D77919B487A4}.Release|Any CPU.ActiveCfg = Release|Any CPU
		{3ABE5087-1ECB-48D6-8907-D77919B487A4}.Release|Any CPU.Build.0 = Release|Any CPU
		{25B2EB65-6FCC-4456-8B6C-CBE0AB8B25FF}.Debug|Any CPU.ActiveCfg = Debug|Any CPU
		{25B2EB65-6FCC-4456-8B6C-CBE0AB8B25FF}.Debug|Any CPU.Build.0 = Debug|Any CPU
		{25B2EB65-6FCC-4456-8B6C-CBE0AB8B25FF}.Release|Any CPU.ActiveCfg = Release|Any CPU
		{25B2EB65-6FCC-4456-8B6C-CBE0AB8B25FF}.Release|Any CPU.Build.0 = Release|Any CPU
		{718A0FF8-5E39-49F7-A614-D7CFCA7C8390}.Debug|Any CPU.ActiveCfg = Debug|Any CPU
		{718A0FF8-5E39-49F7-A614-D7CFCA7C8390}.Debug|Any CPU.Build.0 = Debug|Any CPU
		{718A0FF8-5E39-49F7-A614-D7CFCA7C8390}.Release|Any CPU.ActiveCfg = Release|Any CPU
		{718A0FF8-5E39-49F7-A614-D7CFCA7C8390}.Release|Any CPU.Build.0 = Release|Any CPU
		{47010F86-B2D8-4E55-BE57-89E6D6F42EFD}.Debug|Any CPU.ActiveCfg = Debug|Any CPU
		{47010F86-B2D8-4E55-BE57-89E6D6F42EFD}.Debug|Any CPU.Build.0 = Debug|Any CPU
		{47010F86-B2D8-4E55-BE57-89E6D6F42EFD}.Release|Any CPU.ActiveCfg = Release|Any CPU
		{47010F86-B2D8-4E55-BE57-89E6D6F42EFD}.Release|Any CPU.Build.0 = Release|Any CPU
		{E077CD44-B480-4205-B2F1-82A1A628D1F4}.Debug|Any CPU.ActiveCfg = Debug|Any CPU
		{E077CD44-B480-4205-B2F1-82A1A628D1F4}.Debug|Any CPU.Build.0 = Debug|Any CPU
		{E077CD44-B480-4205-B2F1-82A1A628D1F4}.Release|Any CPU.ActiveCfg = Release|Any CPU
		{E077CD44-B480-4205-B2F1-82A1A628D1F4}.Release|Any CPU.Build.0 = Release|Any CPU
		{A5003ED5-E046-4CB6-BA4A-C1794F7FE738}.Debug|Any CPU.ActiveCfg = Debug|Any CPU
		{A5003ED5-E046-4CB6-BA4A-C1794F7FE738}.Debug|Any CPU.Build.0 = Debug|Any CPU
		{A5003ED5-E046-4CB6-BA4A-C1794F7FE738}.Release|Any CPU.ActiveCfg = Release|Any CPU
		{A5003ED5-E046-4CB6-BA4A-C1794F7FE738}.Release|Any CPU.Build.0 = Release|Any CPU
		{ED07E51C-3AF9-420A-992D-352D7776D14D}.Debug|Any CPU.ActiveCfg = Debug|Any CPU
		{ED07E51C-3AF9-420A-992D-352D7776D14D}.Debug|Any CPU.Build.0 = Debug|Any CPU
		{ED07E51C-3AF9-420A-992D-352D7776D14D}.Release|Any CPU.ActiveCfg = Release|Any CPU
		{ED07E51C-3AF9-420A-992D-352D7776D14D}.Release|Any CPU.Build.0 = Release|Any CPU
		{9B09DF74-33CC-497B-9AF5-C4C87536147B}.Debug|Any CPU.ActiveCfg = Debug|Any CPU
		{9B09DF74-33CC-497B-9AF5-C4C87536147B}.Debug|Any CPU.Build.0 = Debug|Any CPU
		{9B09DF74-33CC-497B-9AF5-C4C87536147B}.Release|Any CPU.ActiveCfg = Release|Any CPU
		{9B09DF74-33CC-497B-9AF5-C4C87536147B}.Release|Any CPU.Build.0 = Release|Any CPU
		{7C770C75-9B16-4BEC-9F38-FBFD5D337160}.Debug|Any CPU.ActiveCfg = Debug|Any CPU
		{7C770C75-9B16-4BEC-9F38-FBFD5D337160}.Debug|Any CPU.Build.0 = Debug|Any CPU
		{7C770C75-9B16-4BEC-9F38-FBFD5D337160}.Debug|Any CPU.Deploy.0 = Debug|Any CPU
		{7C770C75-9B16-4BEC-9F38-FBFD5D337160}.Release|Any CPU.ActiveCfg = Release|Any CPU
		{7C770C75-9B16-4BEC-9F38-FBFD5D337160}.Release|Any CPU.Build.0 = Release|Any CPU
		{7C770C75-9B16-4BEC-9F38-FBFD5D337160}.Release|Any CPU.Deploy.0 = Release|Any CPU
		{4CE73E76-E225-4219-9EE0-7B364189417F}.Debug|Any CPU.ActiveCfg = Debug|Any CPU
		{4CE73E76-E225-4219-9EE0-7B364189417F}.Debug|Any CPU.Build.0 = Debug|Any CPU
		{4CE73E76-E225-4219-9EE0-7B364189417F}.Release|Any CPU.ActiveCfg = Release|Any CPU
		{4CE73E76-E225-4219-9EE0-7B364189417F}.Release|Any CPU.Build.0 = Release|Any CPU
	EndGlobalSection
	GlobalSection(SolutionProperties) = preSolution
		HideSolutionNode = FALSE
	EndGlobalSection
	GlobalSection(NestedProjects) = preSolution
		{F90481D1-776B-4DC7-A4AF-802978F95456} = {1571CA50-4B2C-4FAE-A591-4ADB1853904B}
		{59CF0C6C-5AC7-4265-B428-782507455B6A} = {1571CA50-4B2C-4FAE-A591-4ADB1853904B}
		{1C360011-41F9-4E05-8C30-EC5316F4E123} = {1571CA50-4B2C-4FAE-A591-4ADB1853904B}
		{59EF4C78-B941-4CF6-B61E-FF9AB1F9C51D} = {F90481D1-776B-4DC7-A4AF-802978F95456}
		{81060B16-98C5-46C8-BEBE-DEBF8E00038F} = {F90481D1-776B-4DC7-A4AF-802978F95456}
		{275A48E2-99CB-46F8-BFA2-76DC2F8AE3E8} = {F90481D1-776B-4DC7-A4AF-802978F95456}
		{353ABBFB-6150-4FB4-8115-6EF9D10466EF} = {1571CA50-4B2C-4FAE-A591-4ADB1853904B}
		{E8470E18-55BA-49E9-8DE1-2DB4DD26454A} = {BF044502-8078-46D0-BECB-8E11AF92D1A9}
		{CB966BBA-5D3A-43D2-AD6A-74B90899ACFC} = {BF044502-8078-46D0-BECB-8E11AF92D1A9}
		{A218ED13-2D01-4D56-8E0E-1CBAE09588BD} = {1571CA50-4B2C-4FAE-A591-4ADB1853904B}
		{5A3939AF-D5C0-47C8-B029-284DD9C59BEB} = {A218ED13-2D01-4D56-8E0E-1CBAE09588BD}
		{0448A2FD-4F0C-4E14-B777-A06559D9C722} = {A218ED13-2D01-4D56-8E0E-1CBAE09588BD}
		{F6CA3042-3B6A-4CCB-A7E6-4024820E460D} = {A218ED13-2D01-4D56-8E0E-1CBAE09588BD}
		{4BD716ED-8A9B-4C7F-8581-F9B668ABFBA8} = {A218ED13-2D01-4D56-8E0E-1CBAE09588BD}
		{BD0A5C9C-1EAC-4E15-BE3A-424C5DB14E52} = {A218ED13-2D01-4D56-8E0E-1CBAE09588BD}
		{5A975379-6E48-4CE6-8AB1-13FB00DFE0E1} = {A218ED13-2D01-4D56-8E0E-1CBAE09588BD}
		{391A5CA7-21BB-4DD5-877D-9F3485D71E0D} = {A218ED13-2D01-4D56-8E0E-1CBAE09588BD}
		{463E8EC0-A2F1-43FA-AAA2-BC038FC8602D} = {A218ED13-2D01-4D56-8E0E-1CBAE09588BD}
		{C11893BB-D6BB-4089-85EC-2C1D8BE1DC64} = {A218ED13-2D01-4D56-8E0E-1CBAE09588BD}
		{751192E8-F558-44AE-8303-AB04C15E3BEA} = {A218ED13-2D01-4D56-8E0E-1CBAE09588BD}
		{9BC0623B-8C63-4721-9964-0250ADA3A0FB} = {A218ED13-2D01-4D56-8E0E-1CBAE09588BD}
		{DB5C3505-643A-4522-9E1A-FF6FC0312442} = {A218ED13-2D01-4D56-8E0E-1CBAE09588BD}
		{9EF35D9D-B408-4019-865B-D55C246603FF} = {A218ED13-2D01-4D56-8E0E-1CBAE09588BD}
		{8C179674-B940-43E0-9C58-E7F1DA9EB9F5} = {A218ED13-2D01-4D56-8E0E-1CBAE09588BD}
		{3ABE5087-1ECB-48D6-8907-D77919B487A4} = {A218ED13-2D01-4D56-8E0E-1CBAE09588BD}
		{25B2EB65-6FCC-4456-8B6C-CBE0AB8B25FF} = {A218ED13-2D01-4D56-8E0E-1CBAE09588BD}
		{718A0FF8-5E39-49F7-A614-D7CFCA7C8390} = {A218ED13-2D01-4D56-8E0E-1CBAE09588BD}
		{47010F86-B2D8-4E55-BE57-89E6D6F42EFD} = {A218ED13-2D01-4D56-8E0E-1CBAE09588BD}
		{E077CD44-B480-4205-B2F1-82A1A628D1F4} = {A218ED13-2D01-4D56-8E0E-1CBAE09588BD}
		{A5003ED5-E046-4CB6-BA4A-C1794F7FE738} = {F90481D1-776B-4DC7-A4AF-802978F95456}
		{ED07E51C-3AF9-420A-992D-352D7776D14D} = {A218ED13-2D01-4D56-8E0E-1CBAE09588BD}
		{9B09DF74-33CC-497B-9AF5-C4C87536147B} = {1571CA50-4B2C-4FAE-A591-4ADB1853904B}
		{7C770C75-9B16-4BEC-9F38-FBFD5D337160} = {1571CA50-4B2C-4FAE-A591-4ADB1853904B}
		{4CE73E76-E225-4219-9EE0-7B364189417F} = {A218ED13-2D01-4D56-8E0E-1CBAE09588BD}
	EndGlobalSection
EndGlobal
